// !$*UTF8*$!
{
	archiveVersion = 1;
	classes = {
	};
	objectVersion = 55;
	objects = {

/* Begin PBXBuildFile section */
		F0C0111927EE2991002E82C8 /* RestaurantView.swift in Sources */ = {isa = PBXBuildFile; fileRef = F0C0111827EE2991002E82C8 /* RestaurantView.swift */; };
		F0C0111A27EE2991002E82C8 /* RestaurantView.swift in Sources */ = {isa = PBXBuildFile; fileRef = F0C0111827EE2991002E82C8 /* RestaurantView.swift */; };
		F0E0EFC027D85BCE00FA0DB1 /* Tests_iOS.swift in Sources */ = {isa = PBXBuildFile; fileRef = F0E0EFBF27D85BCE00FA0DB1 /* Tests_iOS.swift */; };
		F0E0EFC227D85BCE00FA0DB1 /* Tests_iOSLaunchTests.swift in Sources */ = {isa = PBXBuildFile; fileRef = F0E0EFC127D85BCE00FA0DB1 /* Tests_iOSLaunchTests.swift */; };
		F0E0EFCC27D85BCE00FA0DB1 /* Tests_macOS.swift in Sources */ = {isa = PBXBuildFile; fileRef = F0E0EFCB27D85BCE00FA0DB1 /* Tests_macOS.swift */; };
		F0E0EFCE27D85BCE00FA0DB1 /* Tests_macOSLaunchTests.swift in Sources */ = {isa = PBXBuildFile; fileRef = F0E0EFCD27D85BCE00FA0DB1 /* Tests_macOSLaunchTests.swift */; };
		F0E0EFCF27D85BCE00FA0DB1 /* WaitTimesApp.swift in Sources */ = {isa = PBXBuildFile; fileRef = F0E0EFA727D85BCB00FA0DB1 /* WaitTimesApp.swift */; };
		F0E0EFD027D85BCE00FA0DB1 /* WaitTimesApp.swift in Sources */ = {isa = PBXBuildFile; fileRef = F0E0EFA727D85BCB00FA0DB1 /* WaitTimesApp.swift */; };
		F0E0EFD127D85BCE00FA0DB1 /* ContentView.swift in Sources */ = {isa = PBXBuildFile; fileRef = F0E0EFA827D85BCB00FA0DB1 /* ContentView.swift */; };
		F0E0EFD227D85BCE00FA0DB1 /* ContentView.swift in Sources */ = {isa = PBXBuildFile; fileRef = F0E0EFA827D85BCB00FA0DB1 /* ContentView.swift */; };
		F0E0EFD327D85BCE00FA0DB1 /* Assets.xcassets in Resources */ = {isa = PBXBuildFile; fileRef = F0E0EFA927D85BCE00FA0DB1 /* Assets.xcassets */; };
		F0E0EFD427D85BCE00FA0DB1 /* Assets.xcassets in Resources */ = {isa = PBXBuildFile; fileRef = F0E0EFA927D85BCE00FA0DB1 /* Assets.xcassets */; };
		F0E0EFE427D85C7500FA0DB1 /* Restaurant.swift in Sources */ = {isa = PBXBuildFile; fileRef = F0E0EFE327D85C7500FA0DB1 /* Restaurant.swift */; };
		F0E0EFE527D85C7500FA0DB1 /* Restaurant.swift in Sources */ = {isa = PBXBuildFile; fileRef = F0E0EFE327D85C7500FA0DB1 /* Restaurant.swift */; };
/* End PBXBuildFile section */

/* Begin PBXContainerItemProxy section */
		F0E0EFBC27D85BCE00FA0DB1 /* PBXContainerItemProxy */ = {
			isa = PBXContainerItemProxy;
			containerPortal = F0E0EFA227D85BCA00FA0DB1 /* Project object */;
			proxyType = 1;
			remoteGlobalIDString = F0E0EFAD27D85BCE00FA0DB1;
			remoteInfo = "WaitTimes (iOS)";
		};
		F0E0EFC827D85BCE00FA0DB1 /* PBXContainerItemProxy */ = {
			isa = PBXContainerItemProxy;
			containerPortal = F0E0EFA227D85BCA00FA0DB1 /* Project object */;
			proxyType = 1;
			remoteGlobalIDString = F0E0EFB327D85BCE00FA0DB1;
			remoteInfo = "WaitTimes (macOS)";
		};
/* End PBXContainerItemProxy section */

/* Begin PBXFileReference section */
		F0C0111827EE2991002E82C8 /* RestaurantView.swift */ = {isa = PBXFileReference; lastKnownFileType = sourcecode.swift; path = RestaurantView.swift; sourceTree = "<group>"; };
		F0E0EFA727D85BCB00FA0DB1 /* WaitTimesApp.swift */ = {isa = PBXFileReference; lastKnownFileType = sourcecode.swift; path = WaitTimesApp.swift; sourceTree = "<group>"; };
		F0E0EFA827D85BCB00FA0DB1 /* ContentView.swift */ = {isa = PBXFileReference; lastKnownFileType = sourcecode.swift; path = ContentView.swift; sourceTree = "<group>"; };
		F0E0EFA927D85BCE00FA0DB1 /* Assets.xcassets */ = {isa = PBXFileReference; lastKnownFileType = folder.assetcatalog; path = Assets.xcassets; sourceTree = "<group>"; };
		F0E0EFAE27D85BCE00FA0DB1 /* WaitTimes.app */ = {isa = PBXFileReference; explicitFileType = wrapper.application; includeInIndex = 0; path = WaitTimes.app; sourceTree = BUILT_PRODUCTS_DIR; };
		F0E0EFB427D85BCE00FA0DB1 /* WaitTimes.app */ = {isa = PBXFileReference; explicitFileType = wrapper.application; includeInIndex = 0; path = WaitTimes.app; sourceTree = BUILT_PRODUCTS_DIR; };
		F0E0EFB627D85BCE00FA0DB1 /* macOS.entitlements */ = {isa = PBXFileReference; lastKnownFileType = text.plist.entitlements; path = macOS.entitlements; sourceTree = "<group>"; };
		F0E0EFBB27D85BCE00FA0DB1 /* Tests iOS.xctest */ = {isa = PBXFileReference; explicitFileType = wrapper.cfbundle; includeInIndex = 0; path = "Tests iOS.xctest"; sourceTree = BUILT_PRODUCTS_DIR; };
		F0E0EFBF27D85BCE00FA0DB1 /* Tests_iOS.swift */ = {isa = PBXFileReference; lastKnownFileType = sourcecode.swift; path = Tests_iOS.swift; sourceTree = "<group>"; };
		F0E0EFC127D85BCE00FA0DB1 /* Tests_iOSLaunchTests.swift */ = {isa = PBXFileReference; lastKnownFileType = sourcecode.swift; path = Tests_iOSLaunchTests.swift; sourceTree = "<group>"; };
		F0E0EFC727D85BCE00FA0DB1 /* Tests macOS.xctest */ = {isa = PBXFileReference; explicitFileType = wrapper.cfbundle; includeInIndex = 0; path = "Tests macOS.xctest"; sourceTree = BUILT_PRODUCTS_DIR; };
		F0E0EFCB27D85BCE00FA0DB1 /* Tests_macOS.swift */ = {isa = PBXFileReference; lastKnownFileType = sourcecode.swift; path = Tests_macOS.swift; sourceTree = "<group>"; };
		F0E0EFCD27D85BCE00FA0DB1 /* Tests_macOSLaunchTests.swift */ = {isa = PBXFileReference; lastKnownFileType = sourcecode.swift; path = Tests_macOSLaunchTests.swift; sourceTree = "<group>"; };
		F0E0EFE327D85C7500FA0DB1 /* Restaurant.swift */ = {isa = PBXFileReference; lastKnownFileType = sourcecode.swift; path = Restaurant.swift; sourceTree = "<group>"; };
/* End PBXFileReference section */

/* Begin PBXFrameworksBuildPhase section */
		F0E0EFAB27D85BCE00FA0DB1 /* Frameworks */ = {
			isa = PBXFrameworksBuildPhase;
			buildActionMask = 2147483647;
			files = (
			);
			runOnlyForDeploymentPostprocessing = 0;
		};
		F0E0EFB127D85BCE00FA0DB1 /* Frameworks */ = {
			isa = PBXFrameworksBuildPhase;
			buildActionMask = 2147483647;
			files = (
			);
			runOnlyForDeploymentPostprocessing = 0;
		};
		F0E0EFB827D85BCE00FA0DB1 /* Frameworks */ = {
			isa = PBXFrameworksBuildPhase;
			buildActionMask = 2147483647;
			files = (
			);
			runOnlyForDeploymentPostprocessing = 0;
		};
		F0E0EFC427D85BCE00FA0DB1 /* Frameworks */ = {
			isa = PBXFrameworksBuildPhase;
			buildActionMask = 2147483647;
			files = (
			);
			runOnlyForDeploymentPostprocessing = 0;
		};
/* End PBXFrameworksBuildPhase section */

/* Begin PBXGroup section */
		F0E0EFA127D85BCA00FA0DB1 = {
			isa = PBXGroup;
			children = (
				F0E0EFA627D85BCB00FA0DB1 /* Shared */,
				F0E0EFB527D85BCE00FA0DB1 /* macOS */,
				F0E0EFBE27D85BCE00FA0DB1 /* Tests iOS */,
				F0E0EFCA27D85BCE00FA0DB1 /* Tests macOS */,
				F0E0EFAF27D85BCE00FA0DB1 /* Products */,
			);
			sourceTree = "<group>";
		};
		F0E0EFA627D85BCB00FA0DB1 /* Shared */ = {
			isa = PBXGroup;
			children = (
				F0E0EFA727D85BCB00FA0DB1 /* WaitTimesApp.swift */,
				F0E0EFA827D85BCB00FA0DB1 /* ContentView.swift */,
				F0E0EFE327D85C7500FA0DB1 /* Restaurant.swift */,
				F0E0EFA927D85BCE00FA0DB1 /* Assets.xcassets */,
				F0C0111827EE2991002E82C8 /* RestaurantView.swift */,
			);
			path = Shared;
			sourceTree = "<group>";
		};
		F0E0EFAF27D85BCE00FA0DB1 /* Products */ = {
			isa = PBXGroup;
			children = (
				F0E0EFAE27D85BCE00FA0DB1 /* WaitTimes.app */,
				F0E0EFB427D85BCE00FA0DB1 /* WaitTimes.app */,
				F0E0EFBB27D85BCE00FA0DB1 /* Tests iOS.xctest */,
				F0E0EFC727D85BCE00FA0DB1 /* Tests macOS.xctest */,
			);
			name = Products;
			sourceTree = "<group>";
		};
		F0E0EFB527D85BCE00FA0DB1 /* macOS */ = {
			isa = PBXGroup;
			children = (
				F0E0EFB627D85BCE00FA0DB1 /* macOS.entitlements */,
			);
			path = macOS;
			sourceTree = "<group>";
		};
		F0E0EFBE27D85BCE00FA0DB1 /* Tests iOS */ = {
			isa = PBXGroup;
			children = (
				F0E0EFBF27D85BCE00FA0DB1 /* Tests_iOS.swift */,
				F0E0EFC127D85BCE00FA0DB1 /* Tests_iOSLaunchTests.swift */,
			);
			path = "Tests iOS";
			sourceTree = "<group>";
		};
		F0E0EFCA27D85BCE00FA0DB1 /* Tests macOS */ = {
			isa = PBXGroup;
			children = (
				F0E0EFCB27D85BCE00FA0DB1 /* Tests_macOS.swift */,
				F0E0EFCD27D85BCE00FA0DB1 /* Tests_macOSLaunchTests.swift */,
			);
			path = "Tests macOS";
			sourceTree = "<group>";
		};
/* End PBXGroup section */

/* Begin PBXNativeTarget section */
		F0E0EFAD27D85BCE00FA0DB1 /* WaitTimes (iOS) */ = {
			isa = PBXNativeTarget;
			buildConfigurationList = F0E0EFD727D85BCF00FA0DB1 /* Build configuration list for PBXNativeTarget "WaitTimes (iOS)" */;
			buildPhases = (
				F0E0EFAA27D85BCE00FA0DB1 /* Sources */,
				F0E0EFAB27D85BCE00FA0DB1 /* Frameworks */,
				F0E0EFAC27D85BCE00FA0DB1 /* Resources */,
			);
			buildRules = (
			);
			dependencies = (
			);
			name = "WaitTimes (iOS)";
			productName = "WaitTimes (iOS)";
			productReference = F0E0EFAE27D85BCE00FA0DB1 /* WaitTimes.app */;
			productType = "com.apple.product-type.application";
		};
		F0E0EFB327D85BCE00FA0DB1 /* WaitTimes (macOS) */ = {
			isa = PBXNativeTarget;
			buildConfigurationList = F0E0EFDA27D85BCF00FA0DB1 /* Build configuration list for PBXNativeTarget "WaitTimes (macOS)" */;
			buildPhases = (
				F0E0EFB027D85BCE00FA0DB1 /* Sources */,
				F0E0EFB127D85BCE00FA0DB1 /* Frameworks */,
				F0E0EFB227D85BCE00FA0DB1 /* Resources */,
			);
			buildRules = (
			);
			dependencies = (
			);
			name = "WaitTimes (macOS)";
			productName = "WaitTimes (macOS)";
			productReference = F0E0EFB427D85BCE00FA0DB1 /* WaitTimes.app */;
			productType = "com.apple.product-type.application";
		};
		F0E0EFBA27D85BCE00FA0DB1 /* Tests iOS */ = {
			isa = PBXNativeTarget;
			buildConfigurationList = F0E0EFDD27D85BCF00FA0DB1 /* Build configuration list for PBXNativeTarget "Tests iOS" */;
			buildPhases = (
				F0E0EFB727D85BCE00FA0DB1 /* Sources */,
				F0E0EFB827D85BCE00FA0DB1 /* Frameworks */,
				F0E0EFB927D85BCE00FA0DB1 /* Resources */,
			);
			buildRules = (
			);
			dependencies = (
				F0E0EFBD27D85BCE00FA0DB1 /* PBXTargetDependency */,
			);
			name = "Tests iOS";
			productName = "Tests iOS";
			productReference = F0E0EFBB27D85BCE00FA0DB1 /* Tests iOS.xctest */;
			productType = "com.apple.product-type.bundle.ui-testing";
		};
		F0E0EFC627D85BCE00FA0DB1 /* Tests macOS */ = {
			isa = PBXNativeTarget;
			buildConfigurationList = F0E0EFE027D85BCF00FA0DB1 /* Build configuration list for PBXNativeTarget "Tests macOS" */;
			buildPhases = (
				F0E0EFC327D85BCE00FA0DB1 /* Sources */,
				F0E0EFC427D85BCE00FA0DB1 /* Frameworks */,
				F0E0EFC527D85BCE00FA0DB1 /* Resources */,
			);
			buildRules = (
			);
			dependencies = (
				F0E0EFC927D85BCE00FA0DB1 /* PBXTargetDependency */,
			);
			name = "Tests macOS";
			productName = "Tests macOS";
			productReference = F0E0EFC727D85BCE00FA0DB1 /* Tests macOS.xctest */;
			productType = "com.apple.product-type.bundle.ui-testing";
		};
/* End PBXNativeTarget section */

/* Begin PBXProject section */
		F0E0EFA227D85BCA00FA0DB1 /* Project object */ = {
			isa = PBXProject;
			attributes = {
				BuildIndependentTargetsInParallel = 1;
				LastSwiftUpdateCheck = 1320;
				LastUpgradeCheck = 1330;
				TargetAttributes = {
					F0E0EFAD27D85BCE00FA0DB1 = {
						CreatedOnToolsVersion = 13.2.1;
					};
					F0E0EFB327D85BCE00FA0DB1 = {
						CreatedOnToolsVersion = 13.2.1;
					};
					F0E0EFBA27D85BCE00FA0DB1 = {
						CreatedOnToolsVersion = 13.2.1;
						TestTargetID = F0E0EFAD27D85BCE00FA0DB1;
					};
					F0E0EFC627D85BCE00FA0DB1 = {
						CreatedOnToolsVersion = 13.2.1;
						TestTargetID = F0E0EFB327D85BCE00FA0DB1;
					};
				};
			};
			buildConfigurationList = F0E0EFA527D85BCA00FA0DB1 /* Build configuration list for PBXProject "WaitTimes" */;
			compatibilityVersion = "Xcode 13.0";
			developmentRegion = en;
			hasScannedForEncodings = 0;
			knownRegions = (
				en,
				Base,
			);
			mainGroup = F0E0EFA127D85BCA00FA0DB1;
			productRefGroup = F0E0EFAF27D85BCE00FA0DB1 /* Products */;
			projectDirPath = "";
			projectRoot = "";
			targets = (
				F0E0EFAD27D85BCE00FA0DB1 /* WaitTimes (iOS) */,
				F0E0EFB327D85BCE00FA0DB1 /* WaitTimes (macOS) */,
				F0E0EFBA27D85BCE00FA0DB1 /* Tests iOS */,
				F0E0EFC627D85BCE00FA0DB1 /* Tests macOS */,
			);
		};
/* End PBXProject section */

/* Begin PBXResourcesBuildPhase section */
		F0E0EFAC27D85BCE00FA0DB1 /* Resources */ = {
			isa = PBXResourcesBuildPhase;
			buildActionMask = 2147483647;
			files = (
				F0E0EFD327D85BCE00FA0DB1 /* Assets.xcassets in Resources */,
			);
			runOnlyForDeploymentPostprocessing = 0;
		};
		F0E0EFB227D85BCE00FA0DB1 /* Resources */ = {
			isa = PBXResourcesBuildPhase;
			buildActionMask = 2147483647;
			files = (
				F0E0EFD427D85BCE00FA0DB1 /* Assets.xcassets in Resources */,
			);
			runOnlyForDeploymentPostprocessing = 0;
		};
		F0E0EFB927D85BCE00FA0DB1 /* Resources */ = {
			isa = PBXResourcesBuildPhase;
			buildActionMask = 2147483647;
			files = (
			);
			runOnlyForDeploymentPostprocessing = 0;
		};
		F0E0EFC527D85BCE00FA0DB1 /* Resources */ = {
			isa = PBXResourcesBuildPhase;
			buildActionMask = 2147483647;
			files = (
			);
			runOnlyForDeploymentPostprocessing = 0;
		};
/* End PBXResourcesBuildPhase section */

/* Begin PBXSourcesBuildPhase section */
		F0E0EFAA27D85BCE00FA0DB1 /* Sources */ = {
			isa = PBXSourcesBuildPhase;
			buildActionMask = 2147483647;
			files = (
				F0E0EFD127D85BCE00FA0DB1 /* ContentView.swift in Sources */,
				F0E0EFCF27D85BCE00FA0DB1 /* WaitTimesApp.swift in Sources */,
				F0E0EFE427D85C7500FA0DB1 /* Restaurant.swift in Sources */,
				F0C0111927EE2991002E82C8 /* RestaurantView.swift in Sources */,
			);
			runOnlyForDeploymentPostprocessing = 0;
		};
		F0E0EFB027D85BCE00FA0DB1 /* Sources */ = {
			isa = PBXSourcesBuildPhase;
			buildActionMask = 2147483647;
			files = (
				F0E0EFD227D85BCE00FA0DB1 /* ContentView.swift in Sources */,
				F0E0EFD027D85BCE00FA0DB1 /* WaitTimesApp.swift in Sources */,
				F0E0EFE527D85C7500FA0DB1 /* Restaurant.swift in Sources */,
				F0C0111A27EE2991002E82C8 /* RestaurantView.swift in Sources */,
			);
			runOnlyForDeploymentPostprocessing = 0;
		};
		F0E0EFB727D85BCE00FA0DB1 /* Sources */ = {
			isa = PBXSourcesBuildPhase;
			buildActionMask = 2147483647;
			files = (
				F0E0EFC227D85BCE00FA0DB1 /* Tests_iOSLaunchTests.swift in Sources */,
				F0E0EFC027D85BCE00FA0DB1 /* Tests_iOS.swift in Sources */,
			);
			runOnlyForDeploymentPostprocessing = 0;
		};
		F0E0EFC327D85BCE00FA0DB1 /* Sources */ = {
			isa = PBXSourcesBuildPhase;
			buildActionMask = 2147483647;
			files = (
				F0E0EFCE27D85BCE00FA0DB1 /* Tests_macOSLaunchTests.swift in Sources */,
				F0E0EFCC27D85BCE00FA0DB1 /* Tests_macOS.swift in Sources */,
			);
			runOnlyForDeploymentPostprocessing = 0;
		};
/* End PBXSourcesBuildPhase section */

/* Begin PBXTargetDependency section */
		F0E0EFBD27D85BCE00FA0DB1 /* PBXTargetDependency */ = {
			isa = PBXTargetDependency;
			target = F0E0EFAD27D85BCE00FA0DB1 /* WaitTimes (iOS) */;
			targetProxy = F0E0EFBC27D85BCE00FA0DB1 /* PBXContainerItemProxy */;
		};
		F0E0EFC927D85BCE00FA0DB1 /* PBXTargetDependency */ = {
			isa = PBXTargetDependency;
			target = F0E0EFB327D85BCE00FA0DB1 /* WaitTimes (macOS) */;
			targetProxy = F0E0EFC827D85BCE00FA0DB1 /* PBXContainerItemProxy */;
		};
/* End PBXTargetDependency section */

/* Begin XCBuildConfiguration section */
		F0E0EFD527D85BCE00FA0DB1 /* Debug */ = {
			isa = XCBuildConfiguration;
			buildSettings = {
				ALWAYS_SEARCH_USER_PATHS = NO;
				CLANG_ANALYZER_NONNULL = YES;
				CLANG_ANALYZER_NUMBER_OBJECT_CONVERSION = YES_AGGRESSIVE;
				CLANG_CXX_LANGUAGE_STANDARD = "gnu++17";
				CLANG_CXX_LIBRARY = "libc++";
				CLANG_ENABLE_MODULES = YES;
				CLANG_ENABLE_OBJC_ARC = YES;
				CLANG_ENABLE_OBJC_WEAK = YES;
				CLANG_WARN_BLOCK_CAPTURE_AUTORELEASING = YES;
				CLANG_WARN_BOOL_CONVERSION = YES;
				CLANG_WARN_COMMA = YES;
				CLANG_WARN_CONSTANT_CONVERSION = YES;
				CLANG_WARN_DEPRECATED_OBJC_IMPLEMENTATIONS = YES;
				CLANG_WARN_DIRECT_OBJC_ISA_USAGE = YES_ERROR;
				CLANG_WARN_DOCUMENTATION_COMMENTS = YES;
				CLANG_WARN_EMPTY_BODY = YES;
				CLANG_WARN_ENUM_CONVERSION = YES;
				CLANG_WARN_INFINITE_RECURSION = YES;
				CLANG_WARN_INT_CONVERSION = YES;
				CLANG_WARN_NON_LITERAL_NULL_CONVERSION = YES;
				CLANG_WARN_OBJC_IMPLICIT_RETAIN_SELF = YES;
				CLANG_WARN_OBJC_LITERAL_CONVERSION = YES;
				CLANG_WARN_OBJC_ROOT_CLASS = YES_ERROR;
				CLANG_WARN_QUOTED_INCLUDE_IN_FRAMEWORK_HEADER = YES;
				CLANG_WARN_RANGE_LOOP_ANALYSIS = YES;
				CLANG_WARN_STRICT_PROTOTYPES = YES;
				CLANG_WARN_SUSPICIOUS_MOVE = YES;
				CLANG_WARN_UNGUARDED_AVAILABILITY = YES_AGGRESSIVE;
				CLANG_WARN_UNREACHABLE_CODE = YES;
				CLANG_WARN__DUPLICATE_METHOD_MATCH = YES;
				COPY_PHASE_STRIP = NO;
				DEBUG_INFORMATION_FORMAT = dwarf;
				ENABLE_STRICT_OBJC_MSGSEND = YES;
				ENABLE_TESTABILITY = YES;
				GCC_C_LANGUAGE_STANDARD = gnu11;
				GCC_DYNAMIC_NO_PIC = NO;
				GCC_NO_COMMON_BLOCKS = YES;
				GCC_OPTIMIZATION_LEVEL = 0;
				GCC_PREPROCESSOR_DEFINITIONS = (
					"DEBUG=1",
					"$(inherited)",
				);
				GCC_WARN_64_TO_32_BIT_CONVERSION = YES;
				GCC_WARN_ABOUT_RETURN_TYPE = YES_ERROR;
				GCC_WARN_UNDECLARED_SELECTOR = YES;
				GCC_WARN_UNINITIALIZED_AUTOS = YES_AGGRESSIVE;
				GCC_WARN_UNUSED_FUNCTION = YES;
				GCC_WARN_UNUSED_VARIABLE = YES;
				MTL_ENABLE_DEBUG_INFO = INCLUDE_SOURCE;
				MTL_FAST_MATH = YES;
				ONLY_ACTIVE_ARCH = YES;
				SWIFT_ACTIVE_COMPILATION_CONDITIONS = DEBUG;
				SWIFT_OPTIMIZATION_LEVEL = "-Onone";
			};
			name = Debug;
		};
		F0E0EFD627D85BCE00FA0DB1 /* Release */ = {
			isa = XCBuildConfiguration;
			buildSettings = {
				ALWAYS_SEARCH_USER_PATHS = NO;
				CLANG_ANALYZER_NONNULL = YES;
				CLANG_ANALYZER_NUMBER_OBJECT_CONVERSION = YES_AGGRESSIVE;
				CLANG_CXX_LANGUAGE_STANDARD = "gnu++17";
				CLANG_CXX_LIBRARY = "libc++";
				CLANG_ENABLE_MODULES = YES;
				CLANG_ENABLE_OBJC_ARC = YES;
				CLANG_ENABLE_OBJC_WEAK = YES;
				CLANG_WARN_BLOCK_CAPTURE_AUTORELEASING = YES;
				CLANG_WARN_BOOL_CONVERSION = YES;
				CLANG_WARN_COMMA = YES;
				CLANG_WARN_CONSTANT_CONVERSION = YES;
				CLANG_WARN_DEPRECATED_OBJC_IMPLEMENTATIONS = YES;
				CLANG_WARN_DIRECT_OBJC_ISA_USAGE = YES_ERROR;
				CLANG_WARN_DOCUMENTATION_COMMENTS = YES;
				CLANG_WARN_EMPTY_BODY = YES;
				CLANG_WARN_ENUM_CONVERSION = YES;
				CLANG_WARN_INFINITE_RECURSION = YES;
				CLANG_WARN_INT_CONVERSION = YES;
				CLANG_WARN_NON_LITERAL_NULL_CONVERSION = YES;
				CLANG_WARN_OBJC_IMPLICIT_RETAIN_SELF = YES;
				CLANG_WARN_OBJC_LITERAL_CONVERSION = YES;
				CLANG_WARN_OBJC_ROOT_CLASS = YES_ERROR;
				CLANG_WARN_QUOTED_INCLUDE_IN_FRAMEWORK_HEADER = YES;
				CLANG_WARN_RANGE_LOOP_ANALYSIS = YES;
				CLANG_WARN_STRICT_PROTOTYPES = YES;
				CLANG_WARN_SUSPICIOUS_MOVE = YES;
				CLANG_WARN_UNGUARDED_AVAILABILITY = YES_AGGRESSIVE;
				CLANG_WARN_UNREACHABLE_CODE = YES;
				CLANG_WARN__DUPLICATE_METHOD_MATCH = YES;
				COPY_PHASE_STRIP = NO;
				DEBUG_INFORMATION_FORMAT = "dwarf-with-dsym";
				ENABLE_NS_ASSERTIONS = NO;
				ENABLE_STRICT_OBJC_MSGSEND = YES;
				GCC_C_LANGUAGE_STANDARD = gnu11;
				GCC_NO_COMMON_BLOCKS = YES;
				GCC_WARN_64_TO_32_BIT_CONVERSION = YES;
				GCC_WARN_ABOUT_RETURN_TYPE = YES_ERROR;
				GCC_WARN_UNDECLARED_SELECTOR = YES;
				GCC_WARN_UNINITIALIZED_AUTOS = YES_AGGRESSIVE;
				GCC_WARN_UNUSED_FUNCTION = YES;
				GCC_WARN_UNUSED_VARIABLE = YES;
				MTL_ENABLE_DEBUG_INFO = NO;
				MTL_FAST_MATH = YES;
				SWIFT_COMPILATION_MODE = wholemodule;
				SWIFT_OPTIMIZATION_LEVEL = "-O";
			};
			name = Release;
		};
		F0E0EFD827D85BCF00FA0DB1 /* Debug */ = {
			isa = XCBuildConfiguration;
			buildSettings = {
				ASSETCATALOG_COMPILER_APPICON_NAME = AppIcon;
				ASSETCATALOG_COMPILER_GLOBAL_ACCENT_COLOR_NAME = AccentColor;
				CODE_SIGN_STYLE = Automatic;
				CURRENT_PROJECT_VERSION = 1;
				DEVELOPMENT_TEAM = 68GT4U949B;
				ENABLE_PREVIEWS = YES;
				GENERATE_INFOPLIST_FILE = YES;
				INFOPLIST_KEY_UIApplicationSceneManifest_Generation = YES;
				INFOPLIST_KEY_UIApplicationSupportsIndirectInputEvents = YES;
				INFOPLIST_KEY_UILaunchScreen_Generation = YES;
				INFOPLIST_KEY_UISupportedInterfaceOrientations_iPad = "UIInterfaceOrientationPortrait UIInterfaceOrientationPortraitUpsideDown UIInterfaceOrientationLandscapeLeft UIInterfaceOrientationLandscapeRight";
				INFOPLIST_KEY_UISupportedInterfaceOrientations_iPhone = "UIInterfaceOrientationPortrait UIInterfaceOrientationLandscapeLeft UIInterfaceOrientationLandscapeRight";
				IPHONEOS_DEPLOYMENT_TARGET = 15.2;
				LD_RUNPATH_SEARCH_PATHS = (
					"$(inherited)",
					"@executable_path/Frameworks",
				);
				MARKETING_VERSION = 1.0;
				PRODUCT_BUNDLE_IDENTIFIER = com.KaiMcClennen.WaitTimes;
				PRODUCT_NAME = WaitTimes;
				SDKROOT = iphoneos;
				SWIFT_EMIT_LOC_STRINGS = YES;
				SWIFT_VERSION = 5.0;
				TARGETED_DEVICE_FAMILY = "1,2";
			};
			name = Debug;
		};
		F0E0EFD927D85BCF00FA0DB1 /* Release */ = {
			isa = XCBuildConfiguration;
			buildSettings = {
				ASSETCATALOG_COMPILER_APPICON_NAME = AppIcon;
				ASSETCATALOG_COMPILER_GLOBAL_ACCENT_COLOR_NAME = AccentColor;
				CODE_SIGN_STYLE = Automatic;
				CURRENT_PROJECT_VERSION = 1;
				DEVELOPMENT_TEAM = 68GT4U949B;
				ENABLE_PREVIEWS = YES;
				GENERATE_INFOPLIST_FILE = YES;
				INFOPLIST_KEY_UIApplicationSceneManifest_Generation = YES;
				INFOPLIST_KEY_UIApplicationSupportsIndirectInputEvents = YES;
				INFOPLIST_KEY_UILaunchScreen_Generation = YES;
				INFOPLIST_KEY_UISupportedInterfaceOrientations_iPad = "UIInterfaceOrientationPortrait UIInterfaceOrientationPortraitUpsideDown UIInterfaceOrientationLandscapeLeft UIInterfaceOrientationLandscapeRight";
				INFOPLIST_KEY_UISupportedInterfaceOrientations_iPhone = "UIInterfaceOrientationPortrait UIInterfaceOrientationLandscapeLeft UIInterfaceOrientationLandscapeRight";
				IPHONEOS_DEPLOYMENT_TARGET = 15.2;
				LD_RUNPATH_SEARCH_PATHS = (
					"$(inherited)",
					"@executable_path/Frameworks",
				);
				MARKETING_VERSION = 1.0;
				PRODUCT_BUNDLE_IDENTIFIER = com.KaiMcClennen.WaitTimes;
				PRODUCT_NAME = WaitTimes;
				SDKROOT = iphoneos;
				SWIFT_EMIT_LOC_STRINGS = YES;
				SWIFT_VERSION = 5.0;
				TARGETED_DEVICE_FAMILY = "1,2";
				VALIDATE_PRODUCT = YES;
			};
			name = Release;
		};
		F0E0EFDB27D85BCF00FA0DB1 /* Debug */ = {
			isa = XCBuildConfiguration;
			buildSettings = {
				ASSETCATALOG_COMPILER_APPICON_NAME = AppIcon;
				ASSETCATALOG_COMPILER_GLOBAL_ACCENT_COLOR_NAME = AccentColor;
				CODE_SIGN_ENTITLEMENTS = macOS/macOS.entitlements;
				CODE_SIGN_IDENTITY = "-";
				CODE_SIGN_STYLE = Automatic;
				COMBINE_HIDPI_IMAGES = YES;
				CURRENT_PROJECT_VERSION = 1;
				DEVELOPMENT_TEAM = 68GT4U949B;
				ENABLE_HARDENED_RUNTIME = YES;
				ENABLE_PREVIEWS = YES;
				GENERATE_INFOPLIST_FILE = YES;
				INFOPLIST_KEY_NSHumanReadableCopyright = "";
				LD_RUNPATH_SEARCH_PATHS = (
					"$(inherited)",
					"@executable_path/../Frameworks",
				);
				MACOSX_DEPLOYMENT_TARGET = 12.1;
				MARKETING_VERSION = 1.0;
				PRODUCT_BUNDLE_IDENTIFIER = com.KaiMcClennen.WaitTimes;
				PRODUCT_NAME = WaitTimes;
				SDKROOT = macosx;
				SWIFT_EMIT_LOC_STRINGS = YES;
				SWIFT_VERSION = 5.0;
			};
			name = Debug;
		};
		F0E0EFDC27D85BCF00FA0DB1 /* Release */ = {
			isa = XCBuildConfiguration;
			buildSettings = {
				ASSETCATALOG_COMPILER_APPICON_NAME = AppIcon;
				ASSETCATALOG_COMPILER_GLOBAL_ACCENT_COLOR_NAME = AccentColor;
				CODE_SIGN_ENTITLEMENTS = macOS/macOS.entitlements;
				CODE_SIGN_IDENTITY = "-";
				CODE_SIGN_STYLE = Automatic;
				COMBINE_HIDPI_IMAGES = YES;
				CURRENT_PROJECT_VERSION = 1;
				DEVELOPMENT_TEAM = 68GT4U949B;
				ENABLE_HARDENED_RUNTIME = YES;
				ENABLE_PREVIEWS = YES;
				GENERATE_INFOPLIST_FILE = YES;
				INFOPLIST_KEY_NSHumanReadableCopyright = "";
				LD_RUNPATH_SEARCH_PATHS = (
					"$(inherited)",
					"@executable_path/../Frameworks",
				);
				MACOSX_DEPLOYMENT_TARGET = 12.1;
				MARKETING_VERSION = 1.0;
				PRODUCT_BUNDLE_IDENTIFIER = com.KaiMcClennen.WaitTimes;
				PRODUCT_NAME = WaitTimes;
				SDKROOT = macosx;
				SWIFT_EMIT_LOC_STRINGS = YES;
				SWIFT_VERSION = 5.0;
			};
			name = Release;
		};
		F0E0EFDE27D85BCF00FA0DB1 /* Debug */ = {
			isa = XCBuildConfiguration;
			buildSettings = {
				ALWAYS_EMBED_SWIFT_STANDARD_LIBRARIES = YES;
				CODE_SIGN_STYLE = Automatic;
				CURRENT_PROJECT_VERSION = 1;
				DEVELOPMENT_TEAM = 68GT4U949B;
				GENERATE_INFOPLIST_FILE = YES;
				IPHONEOS_DEPLOYMENT_TARGET = 15.2;
				MARKETING_VERSION = 1.0;
				PRODUCT_BUNDLE_IDENTIFIER = "com.KaiMcClennen.Tests-iOS";
				PRODUCT_NAME = "$(TARGET_NAME)";
				SDKROOT = iphoneos;
				SWIFT_EMIT_LOC_STRINGS = NO;
				SWIFT_VERSION = 5.0;
				TARGETED_DEVICE_FAMILY = "1,2";
				TEST_TARGET_NAME = "WaitTimes (iOS)";
			};
			name = Debug;
		};
		F0E0EFDF27D85BCF00FA0DB1 /* Release */ = {
			isa = XCBuildConfiguration;
			buildSettings = {
				ALWAYS_EMBED_SWIFT_STANDARD_LIBRARIES = YES;
				CODE_SIGN_STYLE = Automatic;
				CURRENT_PROJECT_VERSION = 1;
				DEVELOPMENT_TEAM = 68GT4U949B;
				GENERATE_INFOPLIST_FILE = YES;
				IPHONEOS_DEPLOYMENT_TARGET = 15.2;
				MARKETING_VERSION = 1.0;
				PRODUCT_BUNDLE_IDENTIFIER = "com.KaiMcClennen.Tests-iOS";
				PRODUCT_NAME = "$(TARGET_NAME)";
				SDKROOT = iphoneos;
				SWIFT_EMIT_LOC_STRINGS = NO;
				SWIFT_VERSION = 5.0;
				TARGETED_DEVICE_FAMILY = "1,2";
				TEST_TARGET_NAME = "WaitTimes (iOS)";
				VALIDATE_PRODUCT = YES;
			};
			name = Release;
		};
		F0E0EFE127D85BCF00FA0DB1 /* Debug */ = {
			isa = XCBuildConfiguration;
			buildSettings = {
				ALWAYS_EMBED_SWIFT_STANDARD_LIBRARIES = YES;
				CODE_SIGN_STYLE = Automatic;
				CURRENT_PROJECT_VERSION = 1;
				DEVELOPMENT_TEAM = 68GT4U949B;
				GENERATE_INFOPLIST_FILE = YES;
				MACOSX_DEPLOYMENT_TARGET = 12.1;
				MARKETING_VERSION = 1.0;
				PRODUCT_BUNDLE_IDENTIFIER = "com.KaiMcClennen.Tests-macOS";
				PRODUCT_NAME = "$(TARGET_NAME)";
				SDKROOT = macosx;
				SWIFT_EMIT_LOC_STRINGS = NO;
				SWIFT_VERSION = 5.0;
				TEST_TARGET_NAME = "WaitTimes (macOS)";
			};
			name = Debug;
		};
		F0E0EFE227D85BCF00FA0DB1 /* Release */ = {
			isa = XCBuildConfiguration;
			buildSettings = {
				ALWAYS_EMBED_SWIFT_STANDARD_LIBRARIES = YES;
				CODE_SIGN_STYLE = Automatic;
				CURRENT_PROJECT_VERSION = 1;
				DEVELOPMENT_TEAM = 68GT4U949B;
				GENERATE_INFOPLIST_FILE = YES;
				MACOSX_DEPLOYMENT_TARGET = 12.1;
				MARKETING_VERSION = 1.0;
				PRODUCT_BUNDLE_IDENTIFIER = "com.KaiMcClennen.Tests-macOS";
				PRODUCT_NAME = "$(TARGET_NAME)";
				SDKROOT = macosx;
				SWIFT_EMIT_LOC_STRINGS = NO;
				SWIFT_VERSION = 5.0;
				TEST_TARGET_NAME = "WaitTimes (macOS)";
			};
			name = Release;
		};
/* End XCBuildConfiguration section */

/* Begin XCConfigurationList section */
		F0E0EFA527D85BCA00FA0DB1 /* Build configuration list for PBXProject "WaitTimes" */ = {
			isa = XCConfigurationList;
			buildConfigurations = (
				F0E0EFD527D85BCE00FA0DB1 /* Debug */,
				F0E0EFD627D85BCE00FA0DB1 /* Release */,
			);
			defaultConfigurationIsVisible = 0;
			defaultConfigurationName = Release;
		};
		F0E0EFD727D85BCF00FA0DB1 /* Build configuration list for PBXNativeTarget "WaitTimes (iOS)" */ = {
			isa = XCConfigurationList;
			buildConfigurations = (
				F0E0EFD827D85BCF00FA0DB1 /* Debug */,
				F0E0EFD927D85BCF00FA0DB1 /* Release */,
			);
			defaultConfigurationIsVisible = 0;
			defaultConfigurationName = Release;
		};
		F0E0EFDA27D85BCF00FA0DB1 /* Build configuration list for PBXNativeTarget "WaitTimes (macOS)" */ = {
			isa = XCConfigurationList;
			buildConfigurations = (
				F0E0EFDB27D85BCF00FA0DB1 /* Debug */,
				F0E0EFDC27D85BCF00FA0DB1 /* Release */,
			);
			defaultConfigurationIsVisible = 0;
			defaultConfigurationName = Release;
		};
		F0E0EFDD27D85BCF00FA0DB1 /* Build configuration list for PBXNativeTarget "Tests iOS" */ = {
			isa = XCConfigurationList;
			buildConfigurations = (
				F0E0EFDE27D85BCF00FA0DB1 /* Debug */,
				F0E0EFDF27D85BCF00FA0DB1 /* Release */,
			);
			defaultConfigurationIsVisible = 0;
			defaultConfigurationName = Release;
		};
		F0E0EFE027D85BCF00FA0DB1 /* Build configuration list for PBXNativeTarget "Tests macOS" */ = {
			isa = XCConfigurationList;
			buildConfigurations = (
				F0E0EFE127D85BCF00FA0DB1 /* Debug */,
				F0E0EFE227D85BCF00FA0DB1 /* Release */,
			);
			defaultConfigurationIsVisible = 0;
			defaultConfigurationName = Release;
		};
/* End XCConfigurationList section */
	};
	rootObject = F0E0EFA227D85BCA00FA0DB1 /* Project object */;
}
